{
  "name": "written",
  "lockfileVersion": 2,
  "requires": true,
  "packages": {
    "": {
      "dependencies": {
        "gitbook-plugin-back-to-top-button": "^0.1.4",
        "gitbook-plugin-chapter-fold": "^0.0.4",
        "gitbook-plugin-code": "^0.1.0",
        "gitbook-plugin-hide-element": "^0.0.4",
        "gitbook-plugin-page-copyright": "^1.0.8",
        "gitbook-plugin-pageview-count": "^1.0.1",
        "gitbook-plugin-popup": "^0.0.1",
        "gitbook-plugin-search-pro": "^2.0.2",
        "gitbook-plugin-sharing-plus": "^0.0.2",
        "gitbook-plugin-sidebar-style": "^1.0.2",
        "gitbook-plugin-splitter": "^0.0.8",
        "gitbook-plugin-tbfed-pagefooter": "^0.0.1"
      }
    },
    "node_modules/gitbook-plugin-back-to-top-button": {
      "version": "0.1.4",
      "resolved": "https://registry.npmmirror.com/gitbook-plugin-back-to-top-button/-/gitbook-plugin-back-to-top-button-0.1.4.tgz",
      "integrity": "sha512-B97MdUp4YhNkSmEc1v+5E21nRaI+ppNKjz2oZelZ8DTuumOMe/e0QizXC2ymxO8iYPkWuaqzaeGedHpxRq/Yhw==",
      "engines": {
        "gitbook": ">=3.1.1"
      }
    },
    "node_modules/gitbook-plugin-chapter-fold": {
      "version": "0.0.4",
      "resolved": "https://registry.npmmirror.com/gitbook-plugin-chapter-fold/-/gitbook-plugin-chapter-fold-0.0.4.tgz",
      "integrity": "sha512-pszjq24KVV7sZFsaYE/3e3fA9zkdMiK4QVlfxvlOiuPpoEWuZb1BbpurZTla8aNjyqbE5ifK4BxwKlHvgcAlsg==",
      "engines": {
        "gitbook": ">=1.0.0"
      }
    },
    "node_modules/gitbook-plugin-code": {
      "version": "0.1.0",
      "resolved": "https://registry.npmmirror.com/gitbook-plugin-code/-/gitbook-plugin-code-0.1.0.tgz",
      "integrity": "sha512-TE8CUFlN7da4SiN2LYx8qk+FX5w2O2IicEcn48sPTpA8gj9qKQqpYpGEdwgsDEev11shEjCZhDwFN//GQ7bdnA==",
      "engines": {
        "gitbook": ">2.5.0"
      }
    },
    "node_modules/gitbook-plugin-hide-element": {
      "version": "0.0.4",
      "resolved": "https://registry.npmmirror.com/gitbook-plugin-hide-element/-/gitbook-plugin-hide-element-0.0.4.tgz",
      "integrity": "sha512-EHlhMdFAIWf73clRjT7lyuAA0qfP61K4CLzqzQYBzQJjdYlB5lVd4ymMWo+TIAXXei/WMdOTaJOUm4ThqS9vgA==",
      "engines": {
        "gitbook": "*"
      }
    },
    "node_modules/gitbook-plugin-page-copyright": {
      "version": "1.0.8",
      "resolved": "https://registry.npmmirror.com/gitbook-plugin-page-copyright/-/gitbook-plugin-page-copyright-1.0.8.tgz",
      "integrity": "sha512-IDO/OKtzi24hCb3FkzI6wVQxhbi4WDuTuvKoi2qCM8nq1VecIMXDVczU7q4wi5ebwnAdTR1Kdt3/SGkx1P6+8A==",
      "engines": {
        "gitbook": ">=3.0.0-pre.0"
      }
    },
    "node_modules/gitbook-plugin-pageview-count": {
      "version": "1.0.1",
      "resolved": "https://registry.npmmirror.com/gitbook-plugin-pageview-count/-/gitbook-plugin-pageview-count-1.0.1.tgz",
      "integrity": "sha512-5lb2tSTTxvt7Su8dhPlKCO8sYwIA15MJPmlVTa/WcH3SEphlGLb4Z0DzvfHxfzn33ilbJTljwk28yOzw/tpFhA==",
      "engines": {
        "gitbook": ">=3.1.1"
      }
    },
    "node_modules/gitbook-plugin-popup": {
      "version": "0.0.1",
      "resolved": "https://registry.npmmirror.com/gitbook-plugin-popup/-/gitbook-plugin-popup-0.0.1.tgz",
      "integrity": "sha512-UpLsvLOM2+UcVUgX1u2iHNGrAEsBw9I7CWCnF3XkX72iMqhs5wAq7YGhzqFHDA1C6HGXNjqHIUnP75XVGWeTlQ==",
      "engines": {
        "gitbook": "*"
      }
    },
    "node_modules/gitbook-plugin-search-pro": {
      "version": "2.0.2",
      "resolved": "https://registry.npmmirror.com/gitbook-plugin-search-pro/-/gitbook-plugin-search-pro-2.0.2.tgz",
      "integrity": "sha512-JZvfwp1DPsoAeGjGwLsYNr4BBgreAUYBfrpZbnLKg3COAO+OsFYOKEAexHKATOajCEhiQMfkN1rnFGTYP2XTkA==",
      "dependencies": {
        "html-entities": "1.2.0"
      },
      "engines": {
        "gitbook": ">=3.0.0"
      }
    },
    "node_modules/gitbook-plugin-sharing-plus": {
      "version": "0.0.2",
      "resolved": "https://registry.npmmirror.com/gitbook-plugin-sharing-plus/-/gitbook-plugin-sharing-plus-0.0.2.tgz",
      "integrity": "sha512-cGBbqjOazpaQs/OrVVjsA7gCCpd0UG8DJqOx6u93ICs/dIDlS6AgCJr6UXsTM7cA+piKhTU+U+V+LvOigTycmw==",
      "dependencies": {
        "lodash": "^3.10.1"
      },
      "engines": {
        "gitbook": ">=2.4.0"
      }
    },
    "node_modules/gitbook-plugin-sidebar-style": {
      "version": "1.0.2",
      "resolved": "https://registry.npmmirror.com/gitbook-plugin-sidebar-style/-/gitbook-plugin-sidebar-style-1.0.2.tgz",
      "integrity": "sha512-jMUdoI8X+HvCrdK/HLlBsLUkooeXsXTis9qoX3hXO32pdSK323njEfxrGmDwhysV0UmKP6JGsxbNjl8Vak0omA==",
      "engines": {
        "gitbook": ">1.x.x"
      }
    },
    "node_modules/gitbook-plugin-splitter": {
      "version": "0.0.8",
      "resolved": "https://registry.npmmirror.com/gitbook-plugin-splitter/-/gitbook-plugin-splitter-0.0.8.tgz",
      "integrity": "sha512-EGyaiGNPAOhkc5TDqYCMNa17eFTZJX6aD6M7imJ5JbHtIkKmx3mZhoAnI2ovZrxx3x1tq/lmhq94nkayCl8WdQ==",
      "engines": {
        "gitbook": ">1.x.x"
      }
    },
    "node_modules/gitbook-plugin-tbfed-pagefooter": {
      "version": "0.0.1",
      "resolved": "https://registry.npmmirror.com/gitbook-plugin-tbfed-pagefooter/-/gitbook-plugin-tbfed-pagefooter-0.0.1.tgz",
      "integrity": "sha512-HUuC0bksLgkpGy+chdmYcPYdrYlThU7mFcev43dmUW4JlcbAtxL3I5R82gXQv9nSCE9vL1mrscC8+oZSqNBhdQ==",
      "dependencies": {
        "moment": "^2.10.6"
      },
      "engines": {
        "gitbook": ">=2.4.3"
      }
    },
    "node_modules/html-entities": {
      "version": "1.2.0",
      "resolved": "https://registry.npmmirror.com/html-entities/-/html-entities-1.2.0.tgz",
      "integrity": "sha512-0md7tlUUyb0BEQGsZzbqty1CgV6RESOoxdivt94AScqhBhYsPCCQCOaGvur/RospMjYpPJ7iFe3zw4Bu4SVA8g==",
      "engines": [
        "node >= 0.4.0"
      ]
    },
    "node_modules/lodash": {
      "version": "3.10.1",
      "resolved": "https://registry.npmmirror.com/lodash/-/lodash-3.10.1.tgz",
      "integrity": "sha512-9mDDwqVIma6OZX79ZlDACZl8sBm0TEnkf99zV3iMA4GzkIT/9hiqP5mY0HoT1iNLCrKc/R1HByV+yJfRWVJryQ=="
    },
    "node_modules/moment": {
      "version": "2.29.4",
      "resolved": "https://registry.npmmirror.com/moment/-/moment-2.29.4.tgz",
      "integrity": "sha512-5LC9SOxjSc2HF6vO2CyuTDNivEdoz2IvyJJGj6X8DJ0eFyfszE0QiEd+iXmBvUP3WHxSjFH/vIsA0EN00cgr8w==",
      "engines": {
        "node": "*"
      }
    }
  },
  "dependencies": {
    "gitbook-plugin-back-to-top-button": {
      "version": "0.1.4",
      "resolved": "https://registry.npmmirror.com/gitbook-plugin-back-to-top-button/-/gitbook-plugin-back-to-top-button-0.1.4.tgz",
      "integrity": "sha512-B97MdUp4YhNkSmEc1v+5E21nRaI+ppNKjz2oZelZ8DTuumOMe/e0QizXC2ymxO8iYPkWuaqzaeGedHpxRq/Yhw=="
    },
    "gitbook-plugin-chapter-fold": {
      "version": "0.0.4",
      "resolved": "https://registry.npmmirror.com/gitbook-plugin-chapter-fold/-/gitbook-plugin-chapter-fold-0.0.4.tgz",
      "integrity": "sha512-pszjq24KVV7sZFsaYE/3e3fA9zkdMiK4QVlfxvlOiuPpoEWuZb1BbpurZTla8aNjyqbE5ifK4BxwKlHvgcAlsg=="
    },
    "gitbook-plugin-code": {
      "version": "0.1.0",
      "resolved": "https://registry.npmmirror.com/gitbook-plugin-code/-/gitbook-plugin-code-0.1.0.tgz",
      "integrity": "sha512-TE8CUFlN7da4SiN2LYx8qk+FX5w2O2IicEcn48sPTpA8gj9qKQqpYpGEdwgsDEev11shEjCZhDwFN//GQ7bdnA=="
    },
    "gitbook-plugin-hide-element": {
      "version": "0.0.4",
      "resolved": "https://registry.npmmirror.com/gitbook-plugin-hide-element/-/gitbook-plugin-hide-element-0.0.4.tgz",
      "integrity": "sha512-EHlhMdFAIWf73clRjT7lyuAA0qfP61K4CLzqzQYBzQJjdYlB5lVd4ymMWo+TIAXXei/WMdOTaJOUm4ThqS9vgA=="
    },
    "gitbook-plugin-page-copyright": {
      "version": "1.0.8",
      "resolved": "https://registry.npmmirror.com/gitbook-plugin-page-copyright/-/gitbook-plugin-page-copyright-1.0.8.tgz",
      "integrity": "sha512-IDO/OKtzi24hCb3FkzI6wVQxhbi4WDuTuvKoi2qCM8nq1VecIMXDVczU7q4wi5ebwnAdTR1Kdt3/SGkx1P6+8A=="
    },
    "gitbook-plugin-pageview-count": {
      "version": "1.0.1",
      "resolved": "https://registry.npmmirror.com/gitbook-plugin-pageview-count/-/gitbook-plugin-pageview-count-1.0.1.tgz",
      "integrity": "sha512-5lb2tSTTxvt7Su8dhPlKCO8sYwIA15MJPmlVTa/WcH3SEphlGLb4Z0DzvfHxfzn33ilbJTljwk28yOzw/tpFhA=="
    },
    "gitbook-plugin-popup": {
      "version": "0.0.1",
      "resolved": "https://registry.npmmirror.com/gitbook-plugin-popup/-/gitbook-plugin-popup-0.0.1.tgz",
      "integrity": "sha512-UpLsvLOM2+UcVUgX1u2iHNGrAEsBw9I7CWCnF3XkX72iMqhs5wAq7YGhzqFHDA1C6HGXNjqHIUnP75XVGWeTlQ=="
    },
    "gitbook-plugin-search-pro": {
      "version": "2.0.2",
      "resolved": "https://registry.npmmirror.com/gitbook-plugin-search-pro/-/gitbook-plugin-search-pro-2.0.2.tgz",
      "integrity": "sha512-JZvfwp1DPsoAeGjGwLsYNr4BBgreAUYBfrpZbnLKg3COAO+OsFYOKEAexHKATOajCEhiQMfkN1rnFGTYP2XTkA==",
      "requires": {
        "html-entities": "1.2.0"
      }
    },
    "gitbook-plugin-sharing-plus": {
      "version": "0.0.2",
      "resolved": "https://registry.npmmirror.com/gitbook-plugin-sharing-plus/-/gitbook-plugin-sharing-plus-0.0.2.tgz",
      "integrity": "sha512-cGBbqjOazpaQs/OrVVjsA7gCCpd0UG8DJqOx6u93ICs/dIDlS6AgCJr6UXsTM7cA+piKhTU+U+V+LvOigTycmw==",
      "requires": {
        "lodash": "^3.10.1"
      }
    },
    "gitbook-plugin-sidebar-style": {
      "version": "1.0.2",
      "resolved": "https://registry.npmmirror.com/gitbook-plugin-sidebar-style/-/gitbook-plugin-sidebar-style-1.0.2.tgz",
      "integrity": "sha512-jMUdoI8X+HvCrdK/HLlBsLUkooeXsXTis9qoX3hXO32pdSK323njEfxrGmDwhysV0UmKP6JGsxbNjl8Vak0omA=="
    },
    "gitbook-plugin-splitter": {
      "version": "0.0.8",
      "resolved": "https://registry.npmmirror.com/gitbook-plugin-splitter/-/gitbook-plugin-splitter-0.0.8.tgz",
      "integrity": "sha512-EGyaiGNPAOhkc5TDqYCMNa17eFTZJX6aD6M7imJ5JbHtIkKmx3mZhoAnI2ovZrxx3x1tq/lmhq94nkayCl8WdQ=="
    },
    "gitbook-plugin-tbfed-pagefooter": {
      "version": "0.0.1",
      "resolved": "https://registry.npmmirror.com/gitbook-plugin-tbfed-pagefooter/-/gitbook-plugin-tbfed-pagefooter-0.0.1.tgz",
      "integrity": "sha512-HUuC0bksLgkpGy+chdmYcPYdrYlThU7mFcev43dmUW4JlcbAtxL3I5R82gXQv9nSCE9vL1mrscC8+oZSqNBhdQ==",
      "requires": {
        "moment": "^2.10.6"
      }
    },
    "html-entities": {
      "version": "1.2.0",
      "resolved": "https://registry.npmmirror.com/html-entities/-/html-entities-1.2.0.tgz",
      "integrity": "sha512-0md7tlUUyb0BEQGsZzbqty1CgV6RESOoxdivt94AScqhBhYsPCCQCOaGvur/RospMjYpPJ7iFe3zw4Bu4SVA8g=="
    },
    "lodash": {
      "version": "3.10.1",
      "resolved": "https://registry.npmmirror.com/lodash/-/lodash-3.10.1.tgz",
      "integrity": "sha512-9mDDwqVIma6OZX79ZlDACZl8sBm0TEnkf99zV3iMA4GzkIT/9hiqP5mY0HoT1iNLCrKc/R1HByV+yJfRWVJryQ=="
    },
    "moment": {
      "version": "2.29.4",
      "resolved": "https://registry.npmmirror.com/moment/-/moment-2.29.4.tgz",
      "integrity": "sha512-5LC9SOxjSc2HF6vO2CyuTDNivEdoz2IvyJJGj6X8DJ0eFyfszE0QiEd+iXmBvUP3WHxSjFH/vIsA0EN00cgr8w=="
    }
  }
}
